
Microsoft Visual Studio Solution File, Format Version 12.00
# Visual Studio Version 16
VisualStudioVersion = 16.0.30717.126
MinimumVisualStudioVersion = 10.0.40219.1
Project("{FAE04EC0-301F-11D3-BF4B-00C04F79EFBC}") = "Lab11", "Lab11\Lab11.csproj", "{F221308A-BFF6-446E-905C-5A60A48B66B3}"
EndProject
Global
	GlobalSection(SolutionConfigurationPlatforms) = preSolution
		Debug|Any CPU = Debug|Any CPU
		Release|Any CPU = Release|Any CPU
	EndGlobalSection
	GlobalSection(ProjectConfigurationPlatforms) = postSolution
		{F221308A-BFF6-446E-905C-5A60A48B66B3}.Debug|Any CPU.ActiveCfg = Debug|Any CPU
		{F221308A-BFF6-446E-905C-5A60A48B66B3}.Debug|Any CPU.Build.0 = Debug|Any CPU
		{F221308A-BFF6-446E-905C-5A60A48B66B3}.Release|Any CPU.ActiveCfg = Release|Any CPU
		{F221308A-BFF6-446E-905C-5A60A48B66B3}.Release|Any CPU.Build.0 = Release|Any CPU
	EndGlobalSection
	GlobalSection(SolutionProperties) = preSolution
		HideSolutionNode = FALSE
	EndGlobalSection
	GlobalSection(ExtensibilityGlobals) = postSolution
		SolutionGuid = {22759748-B7A3-4934-B003-7B13FCFC7A93}
	EndGlobalSection
EndGlobal
